
Microsoft Visual Studio Solution File, Format Version 12.00
# Visual Studio 15
VisualStudioVersion = 15.0.28307.421
MinimumVisualStudioVersion = 10.0.40219.1
Project("{FAE04EC0-301F-11D3-BF4B-00C04F79EFBC}") = "EdGradAssist", "EdGradAssist\EdGradAssist.csproj", "{2BB1D858-F664-4F0D-BF62-3CAFB7951C6C}"
EndProject
Global
	GlobalSection(SolutionConfigurationPlatforms) = preSolution
		Debug|Any CPU = Debug|Any CPU
		Release|Any CPU = Release|Any CPU
	EndGlobalSection
	GlobalSection(ProjectConfigurationPlatforms) = postSolution
		{2BB1D858-F664-4F0D-BF62-3CAFB7951C6C}.Debug|Any CPU.ActiveCfg = Debug|Any CPU
		{2BB1D858-F664-4F0D-BF62-3CAFB7951C6C}.Debug|Any CPU.Build.0 = Debug|Any CPU
		{2BB1D858-F664-4F0D-BF62-3CAFB7951C6C}.Release|Any CPU.ActiveCfg = Release|Any CPU
		{2BB1D858-F664-4F0D-BF62-3CAFB7951C6C}.Release|Any CPU.Build.0 = Release|Any CPU
	EndGlobalSection
	GlobalSection(SolutionProperties) = preSolution
		HideSolutionNode = FALSE
	EndGlobalSection
	GlobalSection(ExtensibilityGlobals) = postSolution
		SolutionGuid = {CF54F6DB-C46F-4705-8DA0-DCDD7F8B6999}
	EndGlobalSection
EndGlobal
